
Microsoft Visual Studio Solution File, Format Version 12.00
# Visual Studio Version 17
VisualStudioVersion = 17.8.34330.188
MinimumVisualStudioVersion = 10.0.40219.1
Project("{FAE04EC0-301F-11D3-BF4B-00C04F79EFBC}") = "WildFarm", "WildFarm\WildFarm.csproj", "{FDCFB466-610D-435E-A45D-CB146AFDE811}"
EndProject
Global
	GlobalSection(SolutionConfigurationPlatforms) = preSolution
		Debug|Any CPU = Debug|Any CPU
		Release|Any CPU = Release|Any CPU
	EndGlobalSection
	GlobalSection(ProjectConfigurationPlatforms) = postSolution
		{FDCFB466-610D-435E-A45D-CB146AFDE811}.Debug|Any CPU.ActiveCfg = Debug|Any CPU
		{FDCFB466-610D-435E-A45D-CB146AFDE811}.Debug|Any CPU.Build.0 = Debug|Any CPU
		{FDCFB466-610D-435E-A45D-CB146AFDE811}.Release|Any CPU.ActiveCfg = Release|Any CPU
		{FDCFB466-610D-435E-A45D-CB146AFDE811}.Release|Any CPU.Build.0 = Release|Any CPU
	EndGlobalSection
	GlobalSection(SolutionProperties) = preSolution
		HideSolutionNode = FALSE
	EndGlobalSection
	GlobalSection(ExtensibilityGlobals) = postSolution
		SolutionGuid = {F8B44C70-D82F-4148-A1E0-E8A95E52568F}
	EndGlobalSection
EndGlobal
